
Microsoft Visual Studio Solution File, Format Version 12.00
# Visual Studio 15
VisualStudioVersion = 15.0.27004.2009
MinimumVisualStudioVersion = 10.0.40219.1
Project("{2150E333-8FDC-42A3-9474-1A3956D46DE8}") = "src", "src", "{1D802FE5-581C-409B-93A1-956ACC57EDDC}"
EndProject
Project("{2150E333-8FDC-42A3-9474-1A3956D46DE8}") = "Solution Items", "Solution Items", "{F2473FEF-A311-4798-9796-A44E5386A9E0}"
	ProjectSection(SolutionItems) = preProject
		.editorconfig = .editorconfig
		.gitattributes = .gitattributes
		.gitignore = .gitignore
		.travis.yml = .travis.yml
		appveyor.yml = appveyor.yml
		CHANGELOG.md = CHANGELOG.md
		CONTRIBUTING.md = CONTRIBUTING.md
		NuGet.config = NuGet.config
		README.md = README.md
	EndProjectSection
EndProject
Project("{2150E333-8FDC-42A3-9474-1A3956D46DE8}") = "test", "test", "{265AD639-AA17-41CD-99C8-C7DEDC697666}"
EndProject
Project("{2150E333-8FDC-42A3-9474-1A3956D46DE8}") = "samples", "samples", "{DC2A9609-24E2-4E31-884B-867810F83FAA}"
EndProject
Project("{2150E333-8FDC-42A3-9474-1A3956D46DE8}") = "build", "build", "{F399E16C-19F7-4700-8AB1-852A07D4486C}"
	ProjectSection(SolutionItems) = preProject
		build.cake = build.cake
		build.ps1 = build.ps1
		build.sh = build.sh
		build\common.props = build\common.props
		ConfigureMSDTC.ps1 = ConfigureMSDTC.ps1
		build\index.cake = build\index.cake
		build\util.cake = build\util.cake
		build\version.cake = build\version.cake
		build\version.props = build\version.props
	EndProjectSection
EndProject
Project("{9A19103F-16F7-4668-BE54-9A1E7A4F7556}") = "MR.AspNetCore.Jobs", "src\MR.AspNetCore.Jobs\MR.AspNetCore.Jobs.csproj", "{5E429E41-44EE-4A99-BC39-AA228C5FDC32}"
EndProject
Project("{9A19103F-16F7-4668-BE54-9A1E7A4F7556}") = "MR.AspNetCore.Jobs.Tests", "test\MR.AspNetCore.Jobs.Tests\MR.AspNetCore.Jobs.Tests.csproj", "{0C055F97-2637-4E05-B75B-B66771E7EA5B}"
EndProject
Project("{9A19103F-16F7-4668-BE54-9A1E7A4F7556}") = "MR.AspNetCore.Jobs.SqlServer", "src\MR.AspNetCore.Jobs.SqlServer\MR.AspNetCore.Jobs.SqlServer.csproj", "{E1DB96AB-7FB3-4341-9D6B-45FFF1263919}"
EndProject
Project("{9A19103F-16F7-4668-BE54-9A1E7A4F7556}") = "MR.AspNetCore.Jobs.SqlServer.Tests", "test\MR.AspNetCore.Jobs.SqlServer.Tests\MR.AspNetCore.Jobs.SqlServer.Tests.csproj", "{5BFF6964-6560-4290-88DF-38E38FB16A52}"
EndProject
Project("{9A19103F-16F7-4668-BE54-9A1E7A4F7556}") = "Basic", "samples\Basic\Basic.csproj", "{DA5E565B-0501-40D2-965A-F0DFD2311800}"
EndProject
Project("{9A19103F-16F7-4668-BE54-9A1E7A4F7556}") = "MR.AspNetCore.Jobs.EFCore", "src\MR.AspNetCore.Jobs.EFCore\MR.AspNetCore.Jobs.EFCore.csproj", "{AE744517-5DCA-4F27-9DC3-6C6847375849}"
EndProject
Project("{FAE04EC0-301F-11D3-BF4B-00C04F79EFBC}") = "MR.AspNetCore.Jobs.PostgreSQL", "src\MR.AspNetCore.Jobs.PostgreSQL\MR.AspNetCore.Jobs.PostgreSQL.csproj", "{B43B456A-97E2-4325-B076-A0141FD7E1BF}"
EndProject
Project("{2150E333-8FDC-42A3-9474-1A3956D46DE8}") = "host", "host", "{CD233552-4459-469B-A1CC-884BBF07DC01}"
EndProject
Project("{9A19103F-16F7-4668-BE54-9A1E7A4F7556}") = "MR.AspNetCore.Jobs.EFHost", "host\MR.AspNetCore.Jobs.EFHost\MR.AspNetCore.Jobs.EFHost.csproj", "{8421F442-48A8-4EC5-A8FA-A4490BF6DA40}"
EndProject
Global
	GlobalSection(SolutionConfigurationPlatforms) = preSolution
		Debug|Any CPU = Debug|Any CPU
		Release|Any CPU = Release|Any CPU
	EndGlobalSection
	GlobalSection(ProjectConfigurationPlatforms) = postSolution
		{5E429E41-44EE-4A99-BC39-AA228C5FDC32}.Debug|Any CPU.ActiveCfg = Debug|Any CPU
		{5E429E41-44EE-4A99-BC39-AA228C5FDC32}.Debug|Any CPU.Build.0 = Debug|Any CPU
		{5E429E41-44EE-4A99-BC39-AA228C5FDC32}.Release|Any CPU.ActiveCfg = Release|Any CPU
		{5E429E41-44EE-4A99-BC39-AA228C5FDC32}.Release|Any CPU.Build.0 = Release|Any CPU
		{0C055F97-2637-4E05-B75B-B66771E7EA5B}.Debug|Any CPU.ActiveCfg = Debug|Any CPU
		{0C055F97-2637-4E05-B75B-B66771E7EA5B}.Debug|Any CPU.Build.0 = Debug|Any CPU
		{0C055F97-2637-4E05-B75B-B66771E7EA5B}.Release|Any CPU.ActiveCfg = Release|Any CPU
		{0C055F97-2637-4E05-B75B-B66771E7EA5B}.Release|Any CPU.Build.0 = Release|Any CPU
		{E1DB96AB-7FB3-4341-9D6B-45FFF1263919}.Debug|Any CPU.ActiveCfg = Debug|Any CPU
		{E1DB96AB-7FB3-4341-9D6B-45FFF1263919}.Debug|Any CPU.Build.0 = Debug|Any CPU
		{E1DB96AB-7FB3-4341-9D6B-45FFF1263919}.Release|Any CPU.ActiveCfg = Release|Any CPU
		{E1DB96AB-7FB3-4341-9D6B-45FFF1263919}.Release|Any CPU.Build.0 = Release|Any CPU
		{5BFF6964-6560-4290-88DF-38E38FB16A52}.Debug|Any CPU.ActiveCfg = Debug|Any CPU
		{5BFF6964-6560-4290-88DF-38E38FB16A52}.Debug|Any CPU.Build.0 = Debug|Any CPU
		{5BFF6964-6560-4290-88DF-38E38FB16A52}.Release|Any CPU.ActiveCfg = Release|Any CPU
		{5BFF6964-6560-4290-88DF-38E38FB16A52}.Release|Any CPU.Build.0 = Release|Any CPU
		{DA5E565B-0501-40D2-965A-F0DFD2311800}.Debug|Any CPU.ActiveCfg = Debug|Any CPU
		{DA5E565B-0501-40D2-965A-F0DFD2311800}.Debug|Any CPU.Build.0 = Debug|Any CPU
		{DA5E565B-0501-40D2-965A-F0DFD2311800}.Release|Any CPU.ActiveCfg = Release|Any CPU
		{DA5E565B-0501-40D2-965A-F0DFD2311800}.Release|Any CPU.Build.0 = Release|Any CPU
		{AE744517-5DCA-4F27-9DC3-6C6847375849}.Debug|Any CPU.ActiveCfg = Debug|Any CPU
		{AE744517-5DCA-4F27-9DC3-6C6847375849}.Debug|Any CPU.Build.0 = Debug|Any CPU
		{AE744517-5DCA-4F27-9DC3-6C6847375849}.Release|Any CPU.ActiveCfg = Release|Any CPU
		{AE744517-5DCA-4F27-9DC3-6C6847375849}.Release|Any CPU.Build.0 = Release|Any CPU
		{B43B456A-97E2-4325-B076-A0141FD7E1BF}.Debug|Any CPU.ActiveCfg = Debug|Any CPU
		{B43B456A-97E2-4325-B076-A0141FD7E1BF}.Debug|Any CPU.Build.0 = Debug|Any CPU
		{B43B456A-97E2-4325-B076-A0141FD7E1BF}.Release|Any CPU.ActiveCfg = Release|Any CPU
		{B43B456A-97E2-4325-B076-A0141FD7E1BF}.Release|Any CPU.Build.0 = Release|Any CPU
		{8421F442-48A8-4EC5-A8FA-A4490BF6DA40}.Debug|Any CPU.ActiveCfg = Debug|Any CPU
		{8421F442-48A8-4EC5-A8FA-A4490BF6DA40}.Debug|Any CPU.Build.0 = Debug|Any CPU
		{8421F442-48A8-4EC5-A8FA-A4490BF6DA40}.Release|Any CPU.ActiveCfg = Release|Any CPU
		{8421F442-48A8-4EC5-A8FA-A4490BF6DA40}.Release|Any CPU.Build.0 = Release|Any CPU
	EndGlobalSection
	GlobalSection(SolutionProperties) = preSolution
		HideSolutionNode = FALSE
	EndGlobalSection
	GlobalSection(NestedProjects) = preSolution
		{5E429E41-44EE-4A99-BC39-AA228C5FDC32} = {1D802FE5-581C-409B-93A1-956ACC57EDDC}
		{0C055F97-2637-4E05-B75B-B66771E7EA5B} = {265AD639-AA17-41CD-99C8-C7DEDC697666}
		{E1DB96AB-7FB3-4341-9D6B-45FFF1263919} = {1D802FE5-581C-409B-93A1-956ACC57EDDC}
		{5BFF6964-6560-4290-88DF-38E38FB16A52} = {265AD639-AA17-41CD-99C8-C7DEDC697666}
		{DA5E565B-0501-40D2-965A-F0DFD2311800} = {DC2A9609-24E2-4E31-884B-867810F83FAA}
		{AE744517-5DCA-4F27-9DC3-6C6847375849} = {1D802FE5-581C-409B-93A1-956ACC57EDDC}
		{B43B456A-97E2-4325-B076-A0141FD7E1BF} = {1D802FE5-581C-409B-93A1-956ACC57EDDC}
		{8421F442-48A8-4EC5-A8FA-A4490BF6DA40} = {CD233552-4459-469B-A1CC-884BBF07DC01}
	EndGlobalSection
	GlobalSection(ExtensibilityGlobals) = postSolution
		SolutionGuid = {91B6C40A-B3DF-4011-81DF-137B8C13A8CB}
	EndGlobalSection
EndGlobal
